
Microsoft Visual Studio Solution File, Format Version 12.00
# Visual Studio Version 16
VisualStudioVersion = 16.0.29025.244
MinimumVisualStudioVersion = 10.0.40219.1
Project("{FAE04EC0-301F-11D3-BF4B-00C04F79EFBC}") = "Aula74BoxingAndUnboxing", "Aula74BoxingAndUnboxing\Aula74BoxingAndUnboxing.csproj", "{6B11F48A-5039-4C91-9678-C5C7FB425D02}"
EndProject
Global
	GlobalSection(SolutionConfigurationPlatforms) = preSolution
		Debug|Any CPU = Debug|Any CPU
		Release|Any CPU = Release|Any CPU
	EndGlobalSection
	GlobalSection(ProjectConfigurationPlatforms) = postSolution
		{6B11F48A-5039-4C91-9678-C5C7FB425D02}.Debug|Any CPU.ActiveCfg = Debug|Any CPU
		{6B11F48A-5039-4C91-9678-C5C7FB425D02}.Debug|Any CPU.Build.0 = Debug|Any CPU
		{6B11F48A-5039-4C91-9678-C5C7FB425D02}.Release|Any CPU.ActiveCfg = Release|Any CPU
		{6B11F48A-5039-4C91-9678-C5C7FB425D02}.Release|Any CPU.Build.0 = Release|Any CPU
	EndGlobalSection
	GlobalSection(SolutionProperties) = preSolution
		HideSolutionNode = FALSE
	EndGlobalSection
	GlobalSection(ExtensibilityGlobals) = postSolution
		SolutionGuid = {616FA6C8-CEC2-4860-BDA7-721369053A22}
	EndGlobalSection
EndGlobal
