
Microsoft Visual Studio Solution File, Format Version 12.00
# Visual Studio Version 16
VisualStudioVersion = 16.0.29025.244
MinimumVisualStudioVersion = 10.0.40219.1
Project("{FAE04EC0-301F-11D3-BF4B-00C04F79EFBC}") = "Aula70-Vetores", "Aula70-Vetores\Aula70-Vetores.csproj", "{CD8F695B-4419-4193-97B3-EFB600033FA2}"
EndProject
Global
	GlobalSection(SolutionConfigurationPlatforms) = preSolution
		Debug|Any CPU = Debug|Any CPU
		Release|Any CPU = Release|Any CPU
	EndGlobalSection
	GlobalSection(ProjectConfigurationPlatforms) = postSolution
		{CD8F695B-4419-4193-97B3-EFB600033FA2}.Debug|Any CPU.ActiveCfg = Debug|Any CPU
		{CD8F695B-4419-4193-97B3-EFB600033FA2}.Debug|Any CPU.Build.0 = Debug|Any CPU
		{CD8F695B-4419-4193-97B3-EFB600033FA2}.Release|Any CPU.ActiveCfg = Release|Any CPU
		{CD8F695B-4419-4193-97B3-EFB600033FA2}.Release|Any CPU.Build.0 = Release|Any CPU
	EndGlobalSection
	GlobalSection(SolutionProperties) = preSolution
		HideSolutionNode = FALSE
	EndGlobalSection
	GlobalSection(ExtensibilityGlobals) = postSolution
		SolutionGuid = {924EF9DA-67E8-4200-B1F8-AB808707F224}
	EndGlobalSection
EndGlobal
