
Microsoft Visual Studio Solution File, Format Version 12.00
# Visual Studio Version 16
VisualStudioVersion = 16.0.29025.244
MinimumVisualStudioVersion = 10.0.40219.1
Project("{FAE04EC0-301F-11D3-BF4B-00C04F79EFBC}") = "Aula-136-ExercicioFixacao-MetodosAbstratos", "Aula-136-ExercicioFixacao-MetodosAbstratos\Aula-136-ExercicioFixacao-MetodosAbstratos.csproj", "{D3A94929-A815-4444-9531-1C27349BEEBC}"
EndProject
Global
	GlobalSection(SolutionConfigurationPlatforms) = preSolution
		Debug|Any CPU = Debug|Any CPU
		Release|Any CPU = Release|Any CPU
	EndGlobalSection
	GlobalSection(ProjectConfigurationPlatforms) = postSolution
		{D3A94929-A815-4444-9531-1C27349BEEBC}.Debug|Any CPU.ActiveCfg = Debug|Any CPU
		{D3A94929-A815-4444-9531-1C27349BEEBC}.Debug|Any CPU.Build.0 = Debug|Any CPU
		{D3A94929-A815-4444-9531-1C27349BEEBC}.Release|Any CPU.ActiveCfg = Release|Any CPU
		{D3A94929-A815-4444-9531-1C27349BEEBC}.Release|Any CPU.Build.0 = Release|Any CPU
	EndGlobalSection
	GlobalSection(SolutionProperties) = preSolution
		HideSolutionNode = FALSE
	EndGlobalSection
	GlobalSection(ExtensibilityGlobals) = postSolution
		SolutionGuid = {EE7552A9-9C05-495B-A170-B887D5796E28}
	EndGlobalSection
EndGlobal
