
Microsoft Visual Studio Solution File, Format Version 12.00
# Visual Studio Version 16
VisualStudioVersion = 16.0.29025.244
MinimumVisualStudioVersion = 10.0.40219.1
Project("{FAE04EC0-301F-11D3-BF4B-00C04F79EFBC}") = "Aula-133-Classes-Abstratas", "Aula-133-Classes-Abstratas\Aula-133-Classes-Abstratas.csproj", "{76D2A41A-B28D-4D0B-94F2-DDE4A0DDBCA0}"
EndProject
Global
	GlobalSection(SolutionConfigurationPlatforms) = preSolution
		Debug|Any CPU = Debug|Any CPU
		Release|Any CPU = Release|Any CPU
	EndGlobalSection
	GlobalSection(ProjectConfigurationPlatforms) = postSolution
		{76D2A41A-B28D-4D0B-94F2-DDE4A0DDBCA0}.Debug|Any CPU.ActiveCfg = Debug|Any CPU
		{76D2A41A-B28D-4D0B-94F2-DDE4A0DDBCA0}.Debug|Any CPU.Build.0 = Debug|Any CPU
		{76D2A41A-B28D-4D0B-94F2-DDE4A0DDBCA0}.Release|Any CPU.ActiveCfg = Release|Any CPU
		{76D2A41A-B28D-4D0B-94F2-DDE4A0DDBCA0}.Release|Any CPU.Build.0 = Release|Any CPU
	EndGlobalSection
	GlobalSection(SolutionProperties) = preSolution
		HideSolutionNode = FALSE
	EndGlobalSection
	GlobalSection(ExtensibilityGlobals) = postSolution
		SolutionGuid = {1344BB6E-44C4-4DC7-AD7A-806D9B3D6C0A}
	EndGlobalSection
EndGlobal
