
Microsoft Visual Studio Solution File, Format Version 12.00
# Visual Studio Version 16
VisualStudioVersion = 16.0.29025.244
MinimumVisualStudioVersion = 10.0.40219.1
Project("{FAE04EC0-301F-11D3-BF4B-00C04F79EFBC}") = "Aula87-SintaxeAlternativa-SwitchCase", "Aula87-SintaxeAlternativa-SwitchCase\Aula87-SintaxeAlternativa-SwitchCase.csproj", "{50920622-8521-479C-9CD4-385201FC37C7}"
EndProject
Global
	GlobalSection(SolutionConfigurationPlatforms) = preSolution
		Debug|Any CPU = Debug|Any CPU
		Release|Any CPU = Release|Any CPU
	EndGlobalSection
	GlobalSection(ProjectConfigurationPlatforms) = postSolution
		{50920622-8521-479C-9CD4-385201FC37C7}.Debug|Any CPU.ActiveCfg = Debug|Any CPU
		{50920622-8521-479C-9CD4-385201FC37C7}.Debug|Any CPU.Build.0 = Debug|Any CPU
		{50920622-8521-479C-9CD4-385201FC37C7}.Release|Any CPU.ActiveCfg = Release|Any CPU
		{50920622-8521-479C-9CD4-385201FC37C7}.Release|Any CPU.Build.0 = Release|Any CPU
	EndGlobalSection
	GlobalSection(SolutionProperties) = preSolution
		HideSolutionNode = FALSE
	EndGlobalSection
	GlobalSection(ExtensibilityGlobals) = postSolution
		SolutionGuid = {E61FC775-DEF1-4DD8-9BFC-C5EEEBD96037}
	EndGlobalSection
EndGlobal
