
Microsoft Visual Studio Solution File, Format Version 12.00
# Visual Studio Version 16
VisualStudioVersion = 16.0.29025.244
MinimumVisualStudioVersion = 10.0.40219.1
Project("{FAE04EC0-301F-11D3-BF4B-00C04F79EFBC}") = "Course", "Course\Course.csproj", "{84D05ED4-AC57-41CD-B01F-25C13BFE0FBF}"
EndProject
Global
	GlobalSection(SolutionConfigurationPlatforms) = preSolution
		Debug|Any CPU = Debug|Any CPU
		Release|Any CPU = Release|Any CPU
	EndGlobalSection
	GlobalSection(ProjectConfigurationPlatforms) = postSolution
		{84D05ED4-AC57-41CD-B01F-25C13BFE0FBF}.Debug|Any CPU.ActiveCfg = Debug|Any CPU
		{84D05ED4-AC57-41CD-B01F-25C13BFE0FBF}.Debug|Any CPU.Build.0 = Debug|Any CPU
		{84D05ED4-AC57-41CD-B01F-25C13BFE0FBF}.Release|Any CPU.ActiveCfg = Release|Any CPU
		{84D05ED4-AC57-41CD-B01F-25C13BFE0FBF}.Release|Any CPU.Build.0 = Release|Any CPU
	EndGlobalSection
	GlobalSection(SolutionProperties) = preSolution
		HideSolutionNode = FALSE
	EndGlobalSection
	GlobalSection(ExtensibilityGlobals) = postSolution
		SolutionGuid = {82102CFC-F09C-4FA8-AE7E-13A819391B83}
	EndGlobalSection
EndGlobal
